
Microsoft Visual Studio Solution File, Format Version 12.00
# Visual Studio Version 16
VisualStudioVersion = 16.0.29306.81
MinimumVisualStudioVersion = 10.0.40219.1
Project("{2150E333-8FDC-42A3-9474-1A3956D46DE8}") = "Solution Items", "Solution Items", "{D5C28C60-4E3A-4C91-99DA-AFA7DD3F92C2}"
	ProjectSection(SolutionItems) = preProject
		.github\workflows\integrate.yml = .github\workflows\integrate.yml
		LICENSE = LICENSE
		README.md = README.md
		.github\workflows\release.yml = .github\workflows\release.yml
	EndProjectSection
EndProject
Project("{9A19103F-16F7-4668-BE54-9A1E7A4F7556}") = "Kentico.Kontent.ModelGenerator", "src\Kentico.Kontent.ModelGenerator\Kentico.Kontent.ModelGenerator.csproj", "{AE486A26-56D7-4FAF-8D5F-9732EA703EF0}"
EndProject
Project("{9A19103F-16F7-4668-BE54-9A1E7A4F7556}") = "Kentico.Kontent.ModelGenerator.Tests", "test\Kentico.Kontent.ModelGenerator.Tests\Kentico.Kontent.ModelGenerator.Tests.csproj", "{9D6A9E5B-EB41-472A-90B2-DF7E5EB43397}"
EndProject
Project("{9A19103F-16F7-4668-BE54-9A1E7A4F7556}") = "Kentico.Kontent.ModelGenerator.Core", "src\Kentico.Kontent.ModelGenerator.Core\Kentico.Kontent.ModelGenerator.Core.csproj", "{66C29DDB-8ED8-4D45-B8E8-003488E145E4}"
EndProject
Global
	GlobalSection(SolutionConfigurationPlatforms) = preSolution
		Debug|Any CPU = Debug|Any CPU
		Release|Any CPU = Release|Any CPU
	EndGlobalSection
	GlobalSection(ProjectConfigurationPlatforms) = postSolution
		{AE486A26-56D7-4FAF-8D5F-9732EA703EF0}.Debug|Any CPU.ActiveCfg = Debug|Any CPU
		{AE486A26-56D7-4FAF-8D5F-9732EA703EF0}.Debug|Any CPU.Build.0 = Debug|Any CPU
		{AE486A26-56D7-4FAF-8D5F-9732EA703EF0}.Release|Any CPU.ActiveCfg = Release|Any CPU
		{AE486A26-56D7-4FAF-8D5F-9732EA703EF0}.Release|Any CPU.Build.0 = Release|Any CPU
		{9D6A9E5B-EB41-472A-90B2-DF7E5EB43397}.Debug|Any CPU.ActiveCfg = Debug|Any CPU
		{9D6A9E5B-EB41-472A-90B2-DF7E5EB43397}.Debug|Any CPU.Build.0 = Debug|Any CPU
		{9D6A9E5B-EB41-472A-90B2-DF7E5EB43397}.Release|Any CPU.ActiveCfg = Release|Any CPU
		{9D6A9E5B-EB41-472A-90B2-DF7E5EB43397}.Release|Any CPU.Build.0 = Release|Any CPU
		{66C29DDB-8ED8-4D45-B8E8-003488E145E4}.Debug|Any CPU.ActiveCfg = Debug|Any CPU
		{66C29DDB-8ED8-4D45-B8E8-003488E145E4}.Debug|Any CPU.Build.0 = Debug|Any CPU
		{66C29DDB-8ED8-4D45-B8E8-003488E145E4}.Release|Any CPU.ActiveCfg = Release|Any CPU
		{66C29DDB-8ED8-4D45-B8E8-003488E145E4}.Release|Any CPU.Build.0 = Release|Any CPU
	EndGlobalSection
	GlobalSection(SolutionProperties) = preSolution
		HideSolutionNode = FALSE
	EndGlobalSection
	GlobalSection(ExtensibilityGlobals) = postSolution
		SolutionGuid = {E4B1E644-2812-4FAC-90D6-D535D4BE4C08}
	EndGlobalSection
EndGlobal
